
Microsoft Visual Studio Solution File, Format Version 12.00
# Visual Studio 2012
Project("{FAE04EC0-301F-11D3-BF4B-00C04F79EFBC}") = "Ej2", "Ej2\Ej2.csproj", "{346A6CB6-9C64-4B56-A1CE-84F1B6BC0924}"
EndProject
Global
	GlobalSection(SolutionConfigurationPlatforms) = preSolution
		Debug|Any CPU = Debug|Any CPU
		Release|Any CPU = Release|Any CPU
	EndGlobalSection
	GlobalSection(ProjectConfigurationPlatforms) = postSolution
		{346A6CB6-9C64-4B56-A1CE-84F1B6BC0924}.Debug|Any CPU.ActiveCfg = Debug|Any CPU
		{346A6CB6-9C64-4B56-A1CE-84F1B6BC0924}.Debug|Any CPU.Build.0 = Debug|Any CPU
		{346A6CB6-9C64-4B56-A1CE-84F1B6BC0924}.Release|Any CPU.ActiveCfg = Release|Any CPU
		{346A6CB6-9C64-4B56-A1CE-84F1B6BC0924}.Release|Any CPU.Build.0 = Release|Any CPU
	EndGlobalSection
	GlobalSection(SolutionProperties) = preSolution
		HideSolutionNode = FALSE
	EndGlobalSection
EndGlobal
