
Microsoft Visual Studio Solution File, Format Version 12.00
# Visual Studio 2012
Project("{FAE04EC0-301F-11D3-BF4B-00C04F79EFBC}") = "Ej4", "Ej4\Ej4.csproj", "{0F72D85A-615F-4A8A-80F9-20D31A82489A}"
EndProject
Global
	GlobalSection(SolutionConfigurationPlatforms) = preSolution
		Debug|Any CPU = Debug|Any CPU
		Release|Any CPU = Release|Any CPU
	EndGlobalSection
	GlobalSection(ProjectConfigurationPlatforms) = postSolution
		{0F72D85A-615F-4A8A-80F9-20D31A82489A}.Debug|Any CPU.ActiveCfg = Debug|Any CPU
		{0F72D85A-615F-4A8A-80F9-20D31A82489A}.Debug|Any CPU.Build.0 = Debug|Any CPU
		{0F72D85A-615F-4A8A-80F9-20D31A82489A}.Release|Any CPU.ActiveCfg = Release|Any CPU
		{0F72D85A-615F-4A8A-80F9-20D31A82489A}.Release|Any CPU.Build.0 = Release|Any CPU
	EndGlobalSection
	GlobalSection(SolutionProperties) = preSolution
		HideSolutionNode = FALSE
	EndGlobalSection
EndGlobal
