
Microsoft Visual Studio Solution File, Format Version 12.00
# Visual Studio 2012
Project("{FAE04EC0-301F-11D3-BF4B-00C04F79EFBC}") = "Ej1", "Ej1\Ej1.csproj", "{B12007E2-ED00-4794-A08B-36C4A31B3B12}"
EndProject
Global
	GlobalSection(SolutionConfigurationPlatforms) = preSolution
		Debug|Any CPU = Debug|Any CPU
		Release|Any CPU = Release|Any CPU
	EndGlobalSection
	GlobalSection(ProjectConfigurationPlatforms) = postSolution
		{B12007E2-ED00-4794-A08B-36C4A31B3B12}.Debug|Any CPU.ActiveCfg = Debug|Any CPU
		{B12007E2-ED00-4794-A08B-36C4A31B3B12}.Debug|Any CPU.Build.0 = Debug|Any CPU
		{B12007E2-ED00-4794-A08B-36C4A31B3B12}.Release|Any CPU.ActiveCfg = Release|Any CPU
		{B12007E2-ED00-4794-A08B-36C4A31B3B12}.Release|Any CPU.Build.0 = Release|Any CPU
	EndGlobalSection
	GlobalSection(SolutionProperties) = preSolution
		HideSolutionNode = FALSE
	EndGlobalSection
EndGlobal
